
Microsoft Visual Studio Solution File, Format Version 12.00
# Visual Studio Version 16
VisualStudioVersion = 16.0.29306.81
MinimumVisualStudioVersion = 10.0.40219.1
Project("{8BC9CEB8-8B4A-11D0-8D11-00A0C91BC942}") = "dds_lib", "dds_lib\dds_lib.vcxproj", "{64A1245E-2761-466C-909A-7D0BDE5D3BFE}"
EndProject
Project("{8BC9CEB8-8B4A-11D0-8D11-00A0C91BC942}") = "test", "test\test.vcxproj", "{802294D8-819F-4DCA-8AF4-6BB534939E16}"
	ProjectSection(ProjectDependencies) = postProject
		{64A1245E-2761-466C-909A-7D0BDE5D3BFE} = {64A1245E-2761-466C-909A-7D0BDE5D3BFE}
	EndProjectSection
EndProject
Global
	GlobalSection(SolutionConfigurationPlatforms) = preSolution
		Debug|x64 = Debug|x64
		Debug|x86 = Debug|x86
		Release|x64 = Release|x64
		Release|x86 = Release|x86
		ReleaseMT|x64 = ReleaseMT|x64
		ReleaseMT|x86 = ReleaseMT|x86
	EndGlobalSection
	GlobalSection(ProjectConfigurationPlatforms) = postSolution
		{64A1245E-2761-466C-909A-7D0BDE5D3BFE}.Debug|x64.ActiveCfg = Debug|x64
		{64A1245E-2761-466C-909A-7D0BDE5D3BFE}.Debug|x64.Build.0 = Debug|x64
		{64A1245E-2761-466C-909A-7D0BDE5D3BFE}.Debug|x86.ActiveCfg = Debug|Win32
		{64A1245E-2761-466C-909A-7D0BDE5D3BFE}.Debug|x86.Build.0 = Debug|Win32
		{64A1245E-2761-466C-909A-7D0BDE5D3BFE}.Release|x64.ActiveCfg = Release|x64
		{64A1245E-2761-466C-909A-7D0BDE5D3BFE}.Release|x64.Build.0 = Release|x64
		{64A1245E-2761-466C-909A-7D0BDE5D3BFE}.Release|x86.ActiveCfg = Release|Win32
		{64A1245E-2761-466C-909A-7D0BDE5D3BFE}.Release|x86.Build.0 = Release|Win32
		{64A1245E-2761-466C-909A-7D0BDE5D3BFE}.ReleaseMT|x64.ActiveCfg = ReleaseMT|x64
		{64A1245E-2761-466C-909A-7D0BDE5D3BFE}.ReleaseMT|x64.Build.0 = ReleaseMT|x64
		{64A1245E-2761-466C-909A-7D0BDE5D3BFE}.ReleaseMT|x86.ActiveCfg = ReleaseMT|Win32
		{64A1245E-2761-466C-909A-7D0BDE5D3BFE}.ReleaseMT|x86.Build.0 = ReleaseMT|Win32
		{802294D8-819F-4DCA-8AF4-6BB534939E16}.Debug|x64.ActiveCfg = Debug|x64
		{802294D8-819F-4DCA-8AF4-6BB534939E16}.Debug|x64.Build.0 = Debug|x64
		{802294D8-819F-4DCA-8AF4-6BB534939E16}.Debug|x86.ActiveCfg = Debug|Win32
		{802294D8-819F-4DCA-8AF4-6BB534939E16}.Debug|x86.Build.0 = Debug|Win32
		{802294D8-819F-4DCA-8AF4-6BB534939E16}.Release|x64.ActiveCfg = Release|x64
		{802294D8-819F-4DCA-8AF4-6BB534939E16}.Release|x64.Build.0 = Release|x64
		{802294D8-819F-4DCA-8AF4-6BB534939E16}.Release|x86.ActiveCfg = Release|Win32
		{802294D8-819F-4DCA-8AF4-6BB534939E16}.Release|x86.Build.0 = Release|Win32
		{802294D8-819F-4DCA-8AF4-6BB534939E16}.ReleaseMT|x64.ActiveCfg = ReleaseMT|x64
		{802294D8-819F-4DCA-8AF4-6BB534939E16}.ReleaseMT|x64.Build.0 = ReleaseMT|x64
		{802294D8-819F-4DCA-8AF4-6BB534939E16}.ReleaseMT|x86.ActiveCfg = ReleaseMT|Win32
		{802294D8-819F-4DCA-8AF4-6BB534939E16}.ReleaseMT|x86.Build.0 = ReleaseMT|Win32
	EndGlobalSection
	GlobalSection(SolutionProperties) = preSolution
		HideSolutionNode = FALSE
	EndGlobalSection
	GlobalSection(ExtensibilityGlobals) = postSolution
		SolutionGuid = {5B734C3E-6553-4A2E-81A4-485A668869F1}
	EndGlobalSection
EndGlobal
